
Microsoft Visual Studio Solution File, Format Version 12.00
# Visual Studio Version 17
VisualStudioVersion = 17.11.35312.102
MinimumVisualStudioVersion = 10.0.40219.1
Project("{FAE04EC0-301F-11D3-BF4B-00C04F79EFBC}") = "FallingSandView", "FallingSandView\FallingSandView.csproj", "{07949F33-5499-4BD8-B181-84BBF7C52B6E}"
EndProject
Project("{FAE04EC0-301F-11D3-BF4B-00C04F79EFBC}") = "FallingSandModel", "FallingSandModel\FallingSandModel.csproj", "{D5D4B05E-180C-4D69-80B7-64332790A338}"
EndProject
Global
	GlobalSection(SolutionConfigurationPlatforms) = preSolution
		Debug|Any CPU = Debug|Any CPU
		Release|Any CPU = Release|Any CPU
	EndGlobalSection
	GlobalSection(ProjectConfigurationPlatforms) = postSolution
		{07949F33-5499-4BD8-B181-84BBF7C52B6E}.Debug|Any CPU.ActiveCfg = Debug|Any CPU
		{07949F33-5499-4BD8-B181-84BBF7C52B6E}.Debug|Any CPU.Build.0 = Debug|Any CPU
		{07949F33-5499-4BD8-B181-84BBF7C52B6E}.Release|Any CPU.ActiveCfg = Release|Any CPU
		{07949F33-5499-4BD8-B181-84BBF7C52B6E}.Release|Any CPU.Build.0 = Release|Any CPU
		{D5D4B05E-180C-4D69-80B7-64332790A338}.Debug|Any CPU.ActiveCfg = Debug|Any CPU
		{D5D4B05E-180C-4D69-80B7-64332790A338}.Debug|Any CPU.Build.0 = Debug|Any CPU
		{D5D4B05E-180C-4D69-80B7-64332790A338}.Release|Any CPU.ActiveCfg = Release|Any CPU
		{D5D4B05E-180C-4D69-80B7-64332790A338}.Release|Any CPU.Build.0 = Release|Any CPU
	EndGlobalSection
	GlobalSection(SolutionProperties) = preSolution
		HideSolutionNode = FALSE
	EndGlobalSection
	GlobalSection(ExtensibilityGlobals) = postSolution
		SolutionGuid = {3DF2251D-B7E0-47C1-B9D9-742345C67C9B}
	EndGlobalSection
EndGlobal
